{
    "name": "GameLord2011.github.io",
    "lockfileVersion": 3,
    "requires": true,
    "packages": {
        "": {
            "dependencies": {
                "tsparticles": "^3.6.0"
            }
        },
        "node_modules/@tsparticles/basic": {
            "version": "3.6.0",
            "resolved": "https://registry.npmjs.org/@tsparticles/basic/-/basic-3.6.0.tgz",
            "integrity": "sha512-VWSOTCURUFumvSkxm0ol2ZZ5zCJjwppnHKwt1I6TYRQ2PFUBVJsCpiuEHDWvIAGl6/ZQxgrVBBi+J3+J+edMqQ==",
            "funding": [
                {
                    "type": "github",
                    "url": "https://github.com/sponsors/matteobruni"
                },
                {
                    "type": "github",
                    "url": "https://github.com/sponsors/tsparticles"
                },
                {
                    "type": "buymeacoffee",
                    "url": "https://www.buymeacoffee.com/matteobruni"
                }
            ],
            "license": "MIT",
            "dependencies": {
                "@tsparticles/engine": "^3.6.0",
                "@tsparticles/move-base": "^3.6.0",
                "@tsparticles/shape-circle": "^3.6.0",
                "@tsparticles/updater-color": "^3.6.0",
                "@tsparticles/updater-opacity": "^3.6.0",
                "@tsparticles/updater-out-modes": "^3.6.0",
                "@tsparticles/updater-size": "^3.6.0"
            }
        },
        "node_modules/@tsparticles/engine": {
            "version": "3.6.0",
            "resolved": "https://registry.npmjs.org/@tsparticles/engine/-/engine-3.6.0.tgz",
            "integrity": "sha512-iDBD0ZTTtoI5WwZkcjAgMVP2oCK2GkNgO7/Eipsfb8ZWKxtD/niGI14ynVQ31sBzp/weARwTxc4BTpbMeQHCGg==",
            "funding": [
                {
                    "type": "github",
                    "url": "https://github.com/sponsors/matteobruni"
                },
                {
                    "type": "github",
                    "url": "https://github.com/sponsors/tsparticles"
                },
                {
                    "type": "buymeacoffee",
                    "url": "https://www.buymeacoffee.com/matteobruni"
                }
            ],
            "hasInstallScript": true,
            "license": "MIT"
        },
        "node_modules/@tsparticles/interaction-external-attract": {
            "version": "3.6.0",
            "resolved": "https://registry.npmjs.org/@tsparticles/interaction-external-attract/-/interaction-external-attract-3.6.0.tgz",
            "integrity": "sha512-Dz3ekytC8yW8jm8vbFVGolOqf5nUmD+xU8Cj9SuiXwgvfvYOCEHguhnTlloHvw8Cxi/DDSskKvHU3xtSG3QacQ==",
            "license": "MIT",
            "dependencies": {
                "@tsparticles/engine": "^3.6.0"
            }
        },
        "node_modules/@tsparticles/interaction-external-bounce": {
            "version": "3.6.0",
            "resolved": "https://registry.npmjs.org/@tsparticles/interaction-external-bounce/-/interaction-external-bounce-3.6.0.tgz",
            "integrity": "sha512-ukuKINpiIx4iO8CBtwvwMWpb1le5fXbP/YtDdcbHpUwya4NvcllSsr+5NEE+0uMjepblVGwvApfua70lLwMlKg==",
            "license": "MIT",
            "dependencies": {
                "@tsparticles/engine": "^3.6.0"
            }
        },
        "node_modules/@tsparticles/interaction-external-bubble": {
            "version": "3.6.0",
            "resolved": "https://registry.npmjs.org/@tsparticles/interaction-external-bubble/-/interaction-external-bubble-3.6.0.tgz",
            "integrity": "sha512-cIPTy04HScuITwC4lnadElqNEwryP9Q+G1Jy9tGrcbBPIf5PUG9iF7mM9MImXhrPzxBPf39YCQxKdmWoxHlxig==",
            "license": "MIT",
            "dependencies": {
                "@tsparticles/engine": "^3.6.0"
            }
        },
        "node_modules/@tsparticles/interaction-external-connect": {
            "version": "3.6.0",
            "resolved": "https://registry.npmjs.org/@tsparticles/interaction-external-connect/-/interaction-external-connect-3.6.0.tgz",
            "integrity": "sha512-G5Ynn4Crn7dICnAKDHXR2be5ApLPOD048jL4PWU4oe69di0uSnQaiIvCdDsX+ljQZKOxzLsqqOFvvjLoN2uDvw==",
            "license": "MIT",
            "dependencies": {
                "@tsparticles/engine": "^3.6.0"
            }
        },
        "node_modules/@tsparticles/interaction-external-grab": {
            "version": "3.6.0",
            "resolved": "https://registry.npmjs.org/@tsparticles/interaction-external-grab/-/interaction-external-grab-3.6.0.tgz",
            "integrity": "sha512-cpMC1BrAkM4rYf4qrwCNMt1ryFDW7B1TaMBAUS9tFv2iaNSio23mRI0js+0UFzhfJEf/ZRKhamM0pubEv95Ujg==",
            "license": "MIT",
            "dependencies": {
                "@tsparticles/engine": "^3.6.0"
            }
        },
        "node_modules/@tsparticles/interaction-external-pause": {
            "version": "3.6.0",
            "resolved": "https://registry.npmjs.org/@tsparticles/interaction-external-pause/-/interaction-external-pause-3.6.0.tgz",
            "integrity": "sha512-57cIXv+o31xjPCspw+RxDAyn/zsuCY3M3XNGnrLMDZFXO9bRFG6z8DFqQJgr+Boy452bC2w1H/OLsJUe1Jd7Cw==",
            "license": "MIT",
            "dependencies": {
                "@tsparticles/engine": "^3.6.0"
            }
        },
        "node_modules/@tsparticles/interaction-external-push": {
            "version": "3.6.0",
            "resolved": "https://registry.npmjs.org/@tsparticles/interaction-external-push/-/interaction-external-push-3.6.0.tgz",
            "integrity": "sha512-ILILrHLz/rGXlaCa2lTkCKTAUghX3BdWxMCQawoJ1SNSTE8nxnBH+/sMSt/wpd3pp2yUuPsknpdOvJtcqah/xQ==",
            "license": "MIT",
            "dependencies": {
                "@tsparticles/engine": "^3.6.0"
            }
        },
        "node_modules/@tsparticles/interaction-external-remove": {
            "version": "3.6.0",
            "resolved": "https://registry.npmjs.org/@tsparticles/interaction-external-remove/-/interaction-external-remove-3.6.0.tgz",
            "integrity": "sha512-5LvQdu+AAmOs9Vyb7fL9JxXL09ZBi5JiWhhz4I1QWVSZloOeA85ZR/BCraRRunbgT/LNktET2NZsNudg/LGgPw==",
            "license": "MIT",
            "dependencies": {
                "@tsparticles/engine": "^3.6.0"
            }
        },
        "node_modules/@tsparticles/interaction-external-repulse": {
            "version": "3.6.0",
            "resolved": "https://registry.npmjs.org/@tsparticles/interaction-external-repulse/-/interaction-external-repulse-3.6.0.tgz",
            "integrity": "sha512-v4jVUV8yz0RWCb9yS1FOgor8ksfb9MhtXvqCgJuIf0vWbux8+BIwWrfomAv8bVajrP0KDxXCjpK6O0Yxp4MHfw==",
            "license": "MIT",
            "dependencies": {
                "@tsparticles/engine": "^3.6.0"
            }
        },
        "node_modules/@tsparticles/interaction-external-slow": {
            "version": "3.6.0",
            "resolved": "https://registry.npmjs.org/@tsparticles/interaction-external-slow/-/interaction-external-slow-3.6.0.tgz",
            "integrity": "sha512-ZehG+0/Gm7qT6H3sdhkBOkD8o+dnQo8gdsSc5bNSacmP8JHVyak+1chrft54O5UYTYjbxJJPm0k/e2vwO57k6w==",
            "license": "MIT",
            "dependencies": {
                "@tsparticles/engine": "^3.6.0"
            }
        },
        "node_modules/@tsparticles/interaction-external-trail": {
            "version": "3.6.0",
            "resolved": "https://registry.npmjs.org/@tsparticles/interaction-external-trail/-/interaction-external-trail-3.6.0.tgz",
            "integrity": "sha512-Z9RPrl4tyjkQm8rOYqN79G1FQJdnV7uqcs2LDyNaYRuSojGsTfpwqqH9BANXkK8A2Jj2IbpLC0blBgdglRtnOg==",
            "license": "MIT",
            "dependencies": {
                "@tsparticles/engine": "^3.6.0"
            }
        },
        "node_modules/@tsparticles/interaction-particles-attract": {
            "version": "3.6.0",
            "resolved": "https://registry.npmjs.org/@tsparticles/interaction-particles-attract/-/interaction-particles-attract-3.6.0.tgz",
            "integrity": "sha512-LeurBClyTa4LySQv8Xc+FSyCQErbc8UaF0GaGXvc0/pqJtKDyGaDDxTLYgphz/WXMeGlVenSmx/bNBGX8lcGCA==",
            "license": "MIT",
            "dependencies": {
                "@tsparticles/engine": "^3.6.0"
            }
        },
        "node_modules/@tsparticles/interaction-particles-collisions": {
            "version": "3.6.0",
            "resolved": "https://registry.npmjs.org/@tsparticles/interaction-particles-collisions/-/interaction-particles-collisions-3.6.0.tgz",
            "integrity": "sha512-bfrL9TNE6huPTm9ZBE5Q+txiteDNZWWDaSwMberQAQZbUqMMwrUFib88QuMdh5kl5Tk2q+/PSAJ24ZzCUmhmKA==",
            "license": "MIT",
            "dependencies": {
                "@tsparticles/engine": "^3.6.0"
            }
        },
        "node_modules/@tsparticles/interaction-particles-links": {
            "version": "3.6.0",
            "resolved": "https://registry.npmjs.org/@tsparticles/interaction-particles-links/-/interaction-particles-links-3.6.0.tgz",
            "integrity": "sha512-AXHwWsu88lQoE0sf4YX6CisTNu54cNI6d8fE+psxhxbx/H9tmeVjI4qcziKyWAweWxjTSfx+RYk1NsRVRamVVw==",
            "license": "MIT",
            "dependencies": {
                "@tsparticles/engine": "^3.6.0"
            }
        },
        "node_modules/@tsparticles/move-base": {
            "version": "3.6.0",
            "resolved": "https://registry.npmjs.org/@tsparticles/move-base/-/move-base-3.6.0.tgz",
            "integrity": "sha512-g32LGNcTyNekwTJL0UD9pgTImdysRMxiRii7d+KDdzNMjv/OIiWK7Ar069TVtEtmKnXaiVCUmCX4vcTJzflDKA==",
            "license": "MIT",
            "dependencies": {
                "@tsparticles/engine": "^3.6.0"
            }
        },
        "node_modules/@tsparticles/move-parallax": {
            "version": "3.6.0",
            "resolved": "https://registry.npmjs.org/@tsparticles/move-parallax/-/move-parallax-3.6.0.tgz",
            "integrity": "sha512-akvJKearGWDPBTxKLPGk8zBVKSfmQiUgdlMOWPj7Pg0vNAr/oVZ6emzr1B35oS6SyUjqPesiEV15ukVQkQhFsA==",
            "license": "MIT",
            "dependencies": {
                "@tsparticles/engine": "^3.6.0"
            }
        },
        "node_modules/@tsparticles/plugin-absorbers": {
            "version": "3.6.0",
            "resolved": "https://registry.npmjs.org/@tsparticles/plugin-absorbers/-/plugin-absorbers-3.6.0.tgz",
            "integrity": "sha512-FPgVHUnZOlL7+LIfyqW883eDNR5PBYrREXUL9X8l576vUKAmS49jsAFfsoFVnfFm8q2MCPYzL5FGc37zpIQN9Q==",
            "license": "MIT",
            "dependencies": {
                "@tsparticles/engine": "^3.6.0"
            }
        },
        "node_modules/@tsparticles/plugin-easing-quad": {
            "version": "3.6.0",
            "resolved": "https://registry.npmjs.org/@tsparticles/plugin-easing-quad/-/plugin-easing-quad-3.6.0.tgz",
            "integrity": "sha512-bCGM+MrvjhB4Xy4kIR7mabGXFt/dD/jxFfjNBX9D241HEkXTgpKviEtY1zjMzOSiYpFmOFISl2CdumQoylda4Q==",
            "funding": [
                {
                    "type": "github",
                    "url": "https://github.com/sponsors/matteobruni"
                },
                {
                    "type": "github",
                    "url": "https://github.com/sponsors/tsparticles"
                },
                {
                    "type": "buymeacoffee",
                    "url": "https://www.buymeacoffee.com/matteobruni"
                }
            ],
            "license": "MIT",
            "dependencies": {
                "@tsparticles/engine": "^3.6.0"
            }
        },
        "node_modules/@tsparticles/plugin-emitters": {
            "version": "3.6.0",
            "resolved": "https://registry.npmjs.org/@tsparticles/plugin-emitters/-/plugin-emitters-3.6.0.tgz",
            "integrity": "sha512-+nzyAPniZJszozKoImMC88IYObujATL5ZmqJlgrx68eaLcwohUmHttWpaC+olMAHcPWx+bLRROSpbu6LSkiu4A==",
            "license": "MIT",
            "dependencies": {
                "@tsparticles/engine": "^3.6.0"
            }
        },
        "node_modules/@tsparticles/plugin-emitters-shape-circle": {
            "version": "3.6.0",
            "resolved": "https://registry.npmjs.org/@tsparticles/plugin-emitters-shape-circle/-/plugin-emitters-shape-circle-3.6.0.tgz",
            "integrity": "sha512-xgOT5T5cP9N8i5prrWhl6InCDzNLs32B6cF1/y8woPPOu8X2i/BV94lv1lvVFLu0ua/BIFfaO1btW3m9vQOzwQ==",
            "funding": [
                {
                    "type": "github",
                    "url": "https://github.com/sponsors/matteobruni"
                },
                {
                    "type": "github",
                    "url": "https://github.com/sponsors/tsparticles"
                },
                {
                    "type": "buymeacoffee",
                    "url": "https://www.buymeacoffee.com/matteobruni"
                }
            ],
            "license": "MIT",
            "dependencies": {
                "@tsparticles/engine": "^3.6.0",
                "@tsparticles/plugin-emitters": "^3.6.0"
            }
        },
        "node_modules/@tsparticles/plugin-emitters-shape-square": {
            "version": "3.6.0",
            "resolved": "https://registry.npmjs.org/@tsparticles/plugin-emitters-shape-square/-/plugin-emitters-shape-square-3.6.0.tgz",
            "integrity": "sha512-k+lZ/CO3ASzELg2mxc3mHEjoaFU2IKo3jpOGdz3iVOtSlkQoc1qPjHeqQFxj2wS8O97VquHx9EwmoZsKl6iFlQ==",
            "funding": [
                {
                    "type": "github",
                    "url": "https://github.com/sponsors/matteobruni"
                },
                {
                    "type": "github",
                    "url": "https://github.com/sponsors/tsparticles"
                },
                {
                    "type": "buymeacoffee",
                    "url": "https://www.buymeacoffee.com/matteobruni"
                }
            ],
            "license": "MIT",
            "dependencies": {
                "@tsparticles/engine": "^3.6.0",
                "@tsparticles/plugin-emitters": "^3.6.0"
            }
        },
        "node_modules/@tsparticles/shape-circle": {
            "version": "3.6.0",
            "resolved": "https://registry.npmjs.org/@tsparticles/shape-circle/-/shape-circle-3.6.0.tgz",
            "integrity": "sha512-kOnoKMgK72TD5R179PoblVFX1V7Xy63Bhg8zHEowtZo839SkHygmyBFl1U1o1oz3Ff/5dr1is4qZGJD/6HweQg==",
            "license": "MIT",
            "dependencies": {
                "@tsparticles/engine": "^3.6.0"
            }
        },
        "node_modules/@tsparticles/shape-emoji": {
            "version": "3.6.0",
            "resolved": "https://registry.npmjs.org/@tsparticles/shape-emoji/-/shape-emoji-3.6.0.tgz",
            "integrity": "sha512-i3KtxMzlwR7hLipiWjISiGBMCdY+Nx4k2clZsu1LMHS3okpk7yYkO0JkDUIQ8ZPUXQi7M07h42PkY0oyNuc36Q==",
            "license": "MIT",
            "dependencies": {
                "@tsparticles/engine": "^3.6.0"
            }
        },
        "node_modules/@tsparticles/shape-image": {
            "version": "3.6.0",
            "resolved": "https://registry.npmjs.org/@tsparticles/shape-image/-/shape-image-3.6.0.tgz",
            "integrity": "sha512-m1hW7AFjBsD/SJ3CbiH7QKIted6KOxXaNKXnnkBQpRWKPI9XayYB5NeWBhhxCD4vWynaLpGJT/xiba15ih9COA==",
            "license": "MIT",
            "dependencies": {
                "@tsparticles/engine": "^3.6.0"
            }
        },
        "node_modules/@tsparticles/shape-line": {
            "version": "3.6.0",
            "resolved": "https://registry.npmjs.org/@tsparticles/shape-line/-/shape-line-3.6.0.tgz",
            "integrity": "sha512-fGWDsLAwPk8Z9SXUcWVCXD+m4cPWW0s2uuPi5fTD5ypp08J/RjwuZA2l/AGgIWaUrMXCWI5wgD8aXHKnF25rBg==",
            "license": "MIT",
            "dependencies": {
                "@tsparticles/engine": "^3.6.0"
            }
        },
        "node_modules/@tsparticles/shape-polygon": {
            "version": "3.6.0",
            "resolved": "https://registry.npmjs.org/@tsparticles/shape-polygon/-/shape-polygon-3.6.0.tgz",
            "integrity": "sha512-ubxw2XPY3pAphSR2Aq9lOzq60kG09QY0YxAMkxjFp6/3aeLopm9EondIVOb4LsdTUn12thvCtlxuqpt8cjl3Xg==",
            "license": "MIT",
            "dependencies": {
                "@tsparticles/engine": "^3.6.0"
            }
        },
        "node_modules/@tsparticles/shape-square": {
            "version": "3.6.0",
            "resolved": "https://registry.npmjs.org/@tsparticles/shape-square/-/shape-square-3.6.0.tgz",
            "integrity": "sha512-HSkxmRnlk+N67lm5hgctjLWdaEAAd/XAVXoCD0z6Jtn58Yj/UbmvKqN3n+YXmZGO3dOrKKfJy5mpDJoOo/yHKQ==",
            "license": "MIT",
            "dependencies": {
                "@tsparticles/engine": "^3.6.0"
            }
        },
        "node_modules/@tsparticles/shape-star": {
            "version": "3.6.0",
            "resolved": "https://registry.npmjs.org/@tsparticles/shape-star/-/shape-star-3.6.0.tgz",
            "integrity": "sha512-4UOtrqUgcn8isFbeb58r21HBQubmU84W9R/NwU6rKAB+lmYhmLZMmT5pslRDolYgpSBfugncI2CMPmRFqdKicA==",
            "license": "MIT",
            "dependencies": {
                "@tsparticles/engine": "^3.6.0"
            }
        },
        "node_modules/@tsparticles/shape-text": {
            "version": "3.6.0",
            "resolved": "https://registry.npmjs.org/@tsparticles/shape-text/-/shape-text-3.6.0.tgz",
            "integrity": "sha512-i2pYeNEeeUHfsxCXCe4wjJjlYGxY9UbyU28cswxcmNIoGdgNKZAZrsTAvgxWy3qENvrooR5mjDLJIa2ZsuVNDQ==",
            "license": "MIT",
            "dependencies": {
                "@tsparticles/engine": "^3.6.0"
            }
        },
        "node_modules/@tsparticles/slim": {
            "version": "3.6.0",
            "resolved": "https://registry.npmjs.org/@tsparticles/slim/-/slim-3.6.0.tgz",
            "integrity": "sha512-qXEPcBFOM2PF2s5cnmoJEW/7bOasFJkMZlNwCHGh8OgL8l2kPvlWUADli32i/pK6g+pXDqFWOERITko4p2BDAQ==",
            "funding": [
                {
                    "type": "github",
                    "url": "https://github.com/sponsors/matteobruni"
                },
                {
                    "type": "github",
                    "url": "https://github.com/sponsors/tsparticles"
                },
                {
                    "type": "buymeacoffee",
                    "url": "https://www.buymeacoffee.com/matteobruni"
                }
            ],
            "license": "MIT",
            "dependencies": {
                "@tsparticles/basic": "^3.6.0",
                "@tsparticles/engine": "^3.6.0",
                "@tsparticles/interaction-external-attract": "^3.6.0",
                "@tsparticles/interaction-external-bounce": "^3.6.0",
                "@tsparticles/interaction-external-bubble": "^3.6.0",
                "@tsparticles/interaction-external-connect": "^3.6.0",
                "@tsparticles/interaction-external-grab": "^3.6.0",
                "@tsparticles/interaction-external-pause": "^3.6.0",
                "@tsparticles/interaction-external-push": "^3.6.0",
                "@tsparticles/interaction-external-remove": "^3.6.0",
                "@tsparticles/interaction-external-repulse": "^3.6.0",
                "@tsparticles/interaction-external-slow": "^3.6.0",
                "@tsparticles/interaction-particles-attract": "^3.6.0",
                "@tsparticles/interaction-particles-collisions": "^3.6.0",
                "@tsparticles/interaction-particles-links": "^3.6.0",
                "@tsparticles/move-parallax": "^3.6.0",
                "@tsparticles/plugin-easing-quad": "^3.6.0",
                "@tsparticles/shape-emoji": "^3.6.0",
                "@tsparticles/shape-image": "^3.6.0",
                "@tsparticles/shape-line": "^3.6.0",
                "@tsparticles/shape-polygon": "^3.6.0",
                "@tsparticles/shape-square": "^3.6.0",
                "@tsparticles/shape-star": "^3.6.0",
                "@tsparticles/updater-life": "^3.6.0",
                "@tsparticles/updater-rotate": "^3.6.0",
                "@tsparticles/updater-stroke-color": "^3.6.0"
            }
        },
        "node_modules/@tsparticles/updater-color": {
            "version": "3.6.0",
            "resolved": "https://registry.npmjs.org/@tsparticles/updater-color/-/updater-color-3.6.0.tgz",
            "integrity": "sha512-P0Ub1vuA8B9CU2ocRuHTM44vFsYA1cqOrdl/YehAeNsIA1N31jUdiRUYDIrQKj+9I+XbL4eyPf/P94eJIMCfMw==",
            "license": "MIT",
            "dependencies": {
                "@tsparticles/engine": "^3.6.0"
            }
        },
        "node_modules/@tsparticles/updater-destroy": {
            "version": "3.6.0",
            "resolved": "https://registry.npmjs.org/@tsparticles/updater-destroy/-/updater-destroy-3.6.0.tgz",
            "integrity": "sha512-KtIlC1DQjXyHx9P/tYIUL5o0EOSTkQywIhUbf/+3cVapggPtMDLWzSixWL0dacNZE7fadbVFEqRtJ8x4eD3NKQ==",
            "license": "MIT",
            "dependencies": {
                "@tsparticles/engine": "^3.6.0"
            }
        },
        "node_modules/@tsparticles/updater-life": {
            "version": "3.6.0",
            "resolved": "https://registry.npmjs.org/@tsparticles/updater-life/-/updater-life-3.6.0.tgz",
            "integrity": "sha512-srpgYazcd9jH2r3po/Y21ZB+E9fN6N+va9KrLlO52scfA+vh5B8v5/em427O+ZeM2FIJHflkOMfEP3a3fxzpEA==",
            "license": "MIT",
            "dependencies": {
                "@tsparticles/engine": "^3.6.0"
            }
        },
        "node_modules/@tsparticles/updater-opacity": {
            "version": "3.6.0",
            "resolved": "https://registry.npmjs.org/@tsparticles/updater-opacity/-/updater-opacity-3.6.0.tgz",
            "integrity": "sha512-qlXfEvYrxy/PQwGKkucu5yHA7GEq6cV4SNAyzON1udbwBu3HKeLjUa0xBEyufpZlwnokg45Vtof0C4WrGSgX2w==",
            "license": "MIT",
            "dependencies": {
                "@tsparticles/engine": "^3.6.0"
            }
        },
        "node_modules/@tsparticles/updater-out-modes": {
            "version": "3.6.0",
            "resolved": "https://registry.npmjs.org/@tsparticles/updater-out-modes/-/updater-out-modes-3.6.0.tgz",
            "integrity": "sha512-ohwKYPw8n4rva+Nm7vXRRA7OUMsSF0xvpXX+rrJ28qUoAjaYntDX/jekPbWiUO1u+0yBdYSqgcKHgO6zUMcYdA==",
            "license": "MIT",
            "dependencies": {
                "@tsparticles/engine": "^3.6.0"
            }
        },
        "node_modules/@tsparticles/updater-roll": {
            "version": "3.6.0",
            "resolved": "https://registry.npmjs.org/@tsparticles/updater-roll/-/updater-roll-3.6.0.tgz",
            "integrity": "sha512-1yhF+MjqYLnapt+NyPiQLWu/jWlBbVIsz9tOsRiiygcwkoNZI6CV9S0Wh5Fjtqn62iy+Cw8MflbMHFSzXK6iEQ==",
            "license": "MIT",
            "dependencies": {
                "@tsparticles/engine": "^3.6.0"
            }
        },
        "node_modules/@tsparticles/updater-rotate": {
            "version": "3.6.0",
            "resolved": "https://registry.npmjs.org/@tsparticles/updater-rotate/-/updater-rotate-3.6.0.tgz",
            "integrity": "sha512-E9S2mZ6Qr6p8xyMqo6WEj9Ixqi7W5OYppd16SfR/bjgUkcZSVHabhpVyEoBFbhsnJn/6rFfmE6i+RPpza7OhcA==",
            "license": "MIT",
            "dependencies": {
                "@tsparticles/engine": "^3.6.0"
            }
        },
        "node_modules/@tsparticles/updater-size": {
            "version": "3.6.0",
            "resolved": "https://registry.npmjs.org/@tsparticles/updater-size/-/updater-size-3.6.0.tgz",
            "integrity": "sha512-XzDC6F6FNBv4PoG1SgQ7wMQuAhjzRwwZetTR8ayUaCBk2cjhhruT4YaLmMBpSyrzVjRdvZ+FOyljejUkCT8R3g==",
            "license": "MIT",
            "dependencies": {
                "@tsparticles/engine": "^3.6.0"
            }
        },
        "node_modules/@tsparticles/updater-stroke-color": {
            "version": "3.6.0",
            "resolved": "https://registry.npmjs.org/@tsparticles/updater-stroke-color/-/updater-stroke-color-3.6.0.tgz",
            "integrity": "sha512-0l1LlWRX6kaXpmi3206gb+SpwHQtsZ0hAjuoDWQBi4B1OGDclxBaTLhrTZG3M41z7MdoMyvW7OgOmITbpc5GQw==",
            "license": "MIT",
            "dependencies": {
                "@tsparticles/engine": "^3.6.0"
            }
        },
        "node_modules/@tsparticles/updater-tilt": {
            "version": "3.6.0",
            "resolved": "https://registry.npmjs.org/@tsparticles/updater-tilt/-/updater-tilt-3.6.0.tgz",
            "integrity": "sha512-LzYy25KjV6xt0Nx/J3mJ+ry5Pr9zWkiOuth2d8khLu08OQSMxY2iApZggb0wnqk6+tUxJ0+49nCfiX6RMjDJ/A==",
            "license": "MIT",
            "dependencies": {
                "@tsparticles/engine": "^3.6.0"
            }
        },
        "node_modules/@tsparticles/updater-twinkle": {
            "version": "3.6.0",
            "resolved": "https://registry.npmjs.org/@tsparticles/updater-twinkle/-/updater-twinkle-3.6.0.tgz",
            "integrity": "sha512-2PEprskgZQp1bNcypAvg16A+AW9CLThrVEXMS9j/VpJg0RTeaWpe4GzwahQCKkNubJDNzjJKKUkfJ+LxMxgyZg==",
            "license": "MIT",
            "dependencies": {
                "@tsparticles/engine": "^3.6.0"
            }
        },
        "node_modules/@tsparticles/updater-wobble": {
            "version": "3.6.0",
            "resolved": "https://registry.npmjs.org/@tsparticles/updater-wobble/-/updater-wobble-3.6.0.tgz",
            "integrity": "sha512-eD/DSuuVfG4jo6LTCJTakgwo5iuqdz/yw9ChhaYr15WCTxNt/2iTfld9gtLKVb/09un+dD5OWV9mN0oiqs/2Ow==",
            "license": "MIT",
            "dependencies": {
                "@tsparticles/engine": "^3.6.0"
            }
        },
        "node_modules/tsparticles": {
            "version": "3.6.0",
            "resolved": "https://registry.npmjs.org/tsparticles/-/tsparticles-3.6.0.tgz",
            "integrity": "sha512-Rn5MEgooQtFSqUOmBtwFYsStUeldv+8cJ0TTeHT5xKb4B3VnyU3ic1bw9ueTP19UNnBIIzs0jfdrC5Utfpo6JA==",
            "funding": [
                {
                    "type": "github",
                    "url": "https://github.com/sponsors/matteobruni"
                },
                {
                    "type": "github",
                    "url": "https://github.com/sponsors/tsparticles"
                },
                {
                    "type": "buymeacoffee",
                    "url": "https://www.buymeacoffee.com/matteobruni"
                }
            ],
            "license": "MIT",
            "dependencies": {
                "@tsparticles/engine": "^3.6.0",
                "@tsparticles/interaction-external-trail": "^3.6.0",
                "@tsparticles/plugin-absorbers": "^3.6.0",
                "@tsparticles/plugin-emitters": "^3.6.0",
                "@tsparticles/plugin-emitters-shape-circle": "^3.6.0",
                "@tsparticles/plugin-emitters-shape-square": "^3.6.0",
                "@tsparticles/shape-text": "^3.6.0",
                "@tsparticles/slim": "^3.6.0",
                "@tsparticles/updater-destroy": "^3.6.0",
                "@tsparticles/updater-roll": "^3.6.0",
                "@tsparticles/updater-tilt": "^3.6.0",
                "@tsparticles/updater-twinkle": "^3.6.0",
                "@tsparticles/updater-wobble": "^3.6.0"
            }
        }
    }
}
